// !$*UTF8*$!
{
	archiveVersion = 1;
	classes = {
	};
	objectVersion = 56;
	objects = {

/* Begin PBXBuildFile section */
		093ACA702EB231ED0029AA69 /* OnboardingScreenViewController.swift in Sources */ = {isa = PBXBuildFile; fileRef = 093ACA6F2EB231ED0029AA69 /* OnboardingScreenViewController.swift */; };
		093ACA752EB239340029AA69 /* OnboardPageViewController.swift in Sources */ = {isa = PBXBuildFile; fileRef = 093ACA742EB239340029AA69 /* OnboardPageViewController.swift */; };
		093ACA772EB28E990029AA69 /* CategoryViewController.swift in Sources */ = {isa = PBXBuildFile; fileRef = 093ACA762EB28E990029AA69 /* CategoryViewController.swift */; };
		093ACA792EB296290029AA69 /* CategoryCell.swift in Sources */ = {isa = PBXBuildFile; fileRef = 093ACA782EB296290029AA69 /* CategoryCell.swift */; };
		093ACB0B2EB3AA1B0029AA69 /* CreateCategoryViewController.swift in Sources */ = {isa = PBXBuildFile; fileRef = 093ACB0A2EB3AA1B0029AA69 /* CreateCategoryViewController.swift */; };
		093ACB672EB558000029AA69 /* CategoryViewModel.swift in Sources */ = {isa = PBXBuildFile; fileRef = 093ACB662EB558000029AA69 /* CategoryViewModel.swift */; };
		094318C42E367A9600F4D094 /* AppDelegate.swift in Sources */ = {isa = PBXBuildFile; fileRef = 094318C32E367A9600F4D094 /* AppDelegate.swift */; };
		094318C62E367A9600F4D094 /* SceneDelegate.swift in Sources */ = {isa = PBXBuildFile; fileRef = 094318C52E367A9600F4D094 /* SceneDelegate.swift */; };
		094318C82E367A9600F4D094 /* TrackersViewController.swift in Sources */ = {isa = PBXBuildFile; fileRef = 094318C72E367A9600F4D094 /* TrackersViewController.swift */; };
		094318CD2E367A9800F4D094 /* Assets.xcassets in Resources */ = {isa = PBXBuildFile; fileRef = 094318CC2E367A9800F4D094 /* Assets.xcassets */; };
		094318D02E367A9800F4D094 /* LaunchScreen.storyboard in Resources */ = {isa = PBXBuildFile; fileRef = 094318CE2E367A9800F4D094 /* LaunchScreen.storyboard */; };
		094318D92E37A54000F4D094 /* TabBarController.swift in Sources */ = {isa = PBXBuildFile; fileRef = 094318D82E37A54000F4D094 /* TabBarController.swift */; };
		094318DB2E37A63C00F4D094 /* StatisticViewController.swift in Sources */ = {isa = PBXBuildFile; fileRef = 094318DA2E37A63C00F4D094 /* StatisticViewController.swift */; };
		09DEA1B52EBB9C2E00C1FDE9 /* FilterModalViewController.swift in Sources */ = {isa = PBXBuildFile; fileRef = 09DEA1B42EBB9C2E00C1FDE9 /* FilterModalViewController.swift */; };
		09DEA1B82EBBA2C400C1FDE9 /* FilterCell.swift in Sources */ = {isa = PBXBuildFile; fileRef = 09DEA1B72EBBA2C400C1FDE9 /* FilterCell.swift */; };
		09DEA1C62EBCBDEC00C1FDE9 /* AlertPresenter.swift in Sources */ = {isa = PBXBuildFile; fileRef = 09DEA1C52EBCBDEC00C1FDE9 /* AlertPresenter.swift */; };
		09DEA1C82EBCC3AE00C1FDE9 /* AlertModel.swift in Sources */ = {isa = PBXBuildFile; fileRef = 09DEA1C72EBCC3AE00C1FDE9 /* AlertModel.swift */; };
		09E5406D2E4693BA00442164 /* TrackerStructures.swift in Sources */ = {isa = PBXBuildFile; fileRef = 09E5406C2E4693BA00442164 /* TrackerStructures.swift */; };
		09E540712E4BCB0D00442164 /* CreateHabitModalViewController.swift in Sources */ = {isa = PBXBuildFile; fileRef = 09E540702E4BCB0D00442164 /* CreateHabitModalViewController.swift */; };
		09E540732E4CFB2E00442164 /* TableCellForCreateHabbit.swift in Sources */ = {isa = PBXBuildFile; fileRef = 09E540722E4CFB2E00442164 /* TableCellForCreateHabbit.swift */; };
		09E540752E4E0D1E00442164 /* ScheduleViewController.swift in Sources */ = {isa = PBXBuildFile; fileRef = 09E540742E4E0D1E00442164 /* ScheduleViewController.swift */; };
		09E540772E4E133600442164 /* WeekDayCell.swift in Sources */ = {isa = PBXBuildFile; fileRef = 09E540762E4E133600442164 /* WeekDayCell.swift */; };
		09E540792E4F5E5A00442164 /* TrackerCell.swift in Sources */ = {isa = PBXBuildFile; fileRef = 09E540782E4F5E5A00442164 /* TrackerCell.swift */; };
		09E5407B2E51007D00442164 /* TrackerCategoryHeader.swift in Sources */ = {isa = PBXBuildFile; fileRef = 09E5407A2E51007D00442164 /* TrackerCategoryHeader.swift */; };
		09E5407E2E59EFBC00442164 /* EmojiCell.swift in Sources */ = {isa = PBXBuildFile; fileRef = 09E5407D2E59EFBC00442164 /* EmojiCell.swift */; };
		09E540822E5B4C4000442164 /* ColorCell.swift in Sources */ = {isa = PBXBuildFile; fileRef = 09E540812E5B4C4000442164 /* ColorCell.swift */; };
		09E540842E5B534200442164 /* HabitHeader.swift in Sources */ = {isa = PBXBuildFile; fileRef = 09E540832E5B534200442164 /* HabitHeader.swift */; };
		09E540AA2E5CABBC00442164 /* TrackerModel.xcdatamodeld in Sources */ = {isa = PBXBuildFile; fileRef = 09E540A82E5CABBC00442164 /* TrackerModel.xcdatamodeld */; };
		09E540D22E5DCB8E00442164 /* CoreDataManager.swift in Sources */ = {isa = PBXBuildFile; fileRef = 09E540D12E5DCB8E00442164 /* CoreDataManager.swift */; };
		09E540E82E68578C00442164 /* TrackerStore.swift in Sources */ = {isa = PBXBuildFile; fileRef = 09E540E72E68578C00442164 /* TrackerStore.swift */; };
		09E540EA2E68579800442164 /* TrackerCategoryStore.swift in Sources */ = {isa = PBXBuildFile; fileRef = 09E540E92E68579800442164 /* TrackerCategoryStore.swift */; };
		09E540EC2E6857A200442164 /* TrackerRecordStore.swift in Sources */ = {isa = PBXBuildFile; fileRef = 09E540EB2E6857A200442164 /* TrackerRecordStore.swift */; };
		09E540EF2E68594B00442164 /* UIColorMarshalling.swift in Sources */ = {isa = PBXBuildFile; fileRef = 09E540EE2E68594B00442164 /* UIColorMarshalling.swift */; };
		09E540F22E685B6300442164 /* DaysValueTransformer.swift in Sources */ = {isa = PBXBuildFile; fileRef = 09E540F12E685B6300442164 /* DaysValueTransformer.swift */; };
/* End PBXBuildFile section */

/* Begin PBXFileReference section */
		093ACA6F2EB231ED0029AA69 /* OnboardingScreenViewController.swift */ = {isa = PBXFileReference; lastKnownFileType = sourcecode.swift; path = OnboardingScreenViewController.swift; sourceTree = "<group>"; };
		093ACA742EB239340029AA69 /* OnboardPageViewController.swift */ = {isa = PBXFileReference; lastKnownFileType = sourcecode.swift; path = OnboardPageViewController.swift; sourceTree = "<group>"; };
		093ACA762EB28E990029AA69 /* CategoryViewController.swift */ = {isa = PBXFileReference; lastKnownFileType = sourcecode.swift; path = CategoryViewController.swift; sourceTree = "<group>"; };
		093ACA782EB296290029AA69 /* CategoryCell.swift */ = {isa = PBXFileReference; lastKnownFileType = sourcecode.swift; path = CategoryCell.swift; sourceTree = "<group>"; };
		093ACB0A2EB3AA1B0029AA69 /* CreateCategoryViewController.swift */ = {isa = PBXFileReference; lastKnownFileType = sourcecode.swift; path = CreateCategoryViewController.swift; sourceTree = "<group>"; };
		093ACB662EB558000029AA69 /* CategoryViewModel.swift */ = {isa = PBXFileReference; lastKnownFileType = sourcecode.swift; path = CategoryViewModel.swift; sourceTree = "<group>"; };
		094318C02E367A9600F4D094 /* Tracker.app */ = {isa = PBXFileReference; explicitFileType = wrapper.application; includeInIndex = 0; path = Tracker.app; sourceTree = BUILT_PRODUCTS_DIR; };
		094318C32E367A9600F4D094 /* AppDelegate.swift */ = {isa = PBXFileReference; lastKnownFileType = sourcecode.swift; path = AppDelegate.swift; sourceTree = "<group>"; };
		094318C52E367A9600F4D094 /* SceneDelegate.swift */ = {isa = PBXFileReference; lastKnownFileType = sourcecode.swift; path = SceneDelegate.swift; sourceTree = "<group>"; };
		094318C72E367A9600F4D094 /* TrackersViewController.swift */ = {isa = PBXFileReference; lastKnownFileType = sourcecode.swift; path = TrackersViewController.swift; sourceTree = "<group>"; };
		094318CC2E367A9800F4D094 /* Assets.xcassets */ = {isa = PBXFileReference; lastKnownFileType = folder.assetcatalog; path = Assets.xcassets; sourceTree = "<group>"; };
		094318CF2E367A9800F4D094 /* Base */ = {isa = PBXFileReference; lastKnownFileType = file.storyboard; name = Base; path = Base.lproj/LaunchScreen.storyboard; sourceTree = "<group>"; };
		094318D12E367A9800F4D094 /* Info.plist */ = {isa = PBXFileReference; lastKnownFileType = text.plist.xml; path = Info.plist; sourceTree = "<group>"; };
		094318D82E37A54000F4D094 /* TabBarController.swift */ = {isa = PBXFileReference; lastKnownFileType = sourcecode.swift; path = TabBarController.swift; sourceTree = "<group>"; };
		094318DA2E37A63C00F4D094 /* StatisticViewController.swift */ = {isa = PBXFileReference; lastKnownFileType = sourcecode.swift; path = StatisticViewController.swift; sourceTree = "<group>"; };
		09DEA1B42EBB9C2E00C1FDE9 /* FilterModalViewController.swift */ = {isa = PBXFileReference; lastKnownFileType = sourcecode.swift; path = FilterModalViewController.swift; sourceTree = "<group>"; };
		09DEA1B72EBBA2C400C1FDE9 /* FilterCell.swift */ = {isa = PBXFileReference; lastKnownFileType = sourcecode.swift; path = FilterCell.swift; sourceTree = "<group>"; };
		09DEA1C52EBCBDEC00C1FDE9 /* AlertPresenter.swift */ = {isa = PBXFileReference; lastKnownFileType = sourcecode.swift; path = AlertPresenter.swift; sourceTree = "<group>"; };
		09DEA1C72EBCC3AE00C1FDE9 /* AlertModel.swift */ = {isa = PBXFileReference; lastKnownFileType = sourcecode.swift; path = AlertModel.swift; sourceTree = "<group>"; };
		09E5406C2E4693BA00442164 /* TrackerStructures.swift */ = {isa = PBXFileReference; lastKnownFileType = sourcecode.swift; path = TrackerStructures.swift; sourceTree = "<group>"; };
		09E540702E4BCB0D00442164 /* CreateHabitModalViewController.swift */ = {isa = PBXFileReference; lastKnownFileType = sourcecode.swift; path = CreateHabitModalViewController.swift; sourceTree = "<group>"; };
		09E540722E4CFB2E00442164 /* TableCellForCreateHabbit.swift */ = {isa = PBXFileReference; lastKnownFileType = sourcecode.swift; path = TableCellForCreateHabbit.swift; sourceTree = "<group>"; };
		09E540742E4E0D1E00442164 /* ScheduleViewController.swift */ = {isa = PBXFileReference; lastKnownFileType = sourcecode.swift; path = ScheduleViewController.swift; sourceTree = "<group>"; };
		09E540762E4E133600442164 /* WeekDayCell.swift */ = {isa = PBXFileReference; lastKnownFileType = sourcecode.swift; path = WeekDayCell.swift; sourceTree = "<group>"; };
		09E540782E4F5E5A00442164 /* TrackerCell.swift */ = {isa = PBXFileReference; lastKnownFileType = sourcecode.swift; path = TrackerCell.swift; sourceTree = "<group>"; };
		09E5407A2E51007D00442164 /* TrackerCategoryHeader.swift */ = {isa = PBXFileReference; lastKnownFileType = sourcecode.swift; path = TrackerCategoryHeader.swift; sourceTree = "<group>"; };
		09E5407D2E59EFBC00442164 /* EmojiCell.swift */ = {isa = PBXFileReference; lastKnownFileType = sourcecode.swift; path = EmojiCell.swift; sourceTree = "<group>"; };
		09E540812E5B4C4000442164 /* ColorCell.swift */ = {isa = PBXFileReference; lastKnownFileType = sourcecode.swift; path = ColorCell.swift; sourceTree = "<group>"; };
		09E540832E5B534200442164 /* HabitHeader.swift */ = {isa = PBXFileReference; lastKnownFileType = sourcecode.swift; path = HabitHeader.swift; sourceTree = "<group>"; };
		09E540A92E5CABBC00442164 /* TrackerModel.xcdatamodel */ = {isa = PBXFileReference; lastKnownFileType = wrapper.xcdatamodel; path = TrackerModel.xcdatamodel; sourceTree = "<group>"; };
		09E540D12E5DCB8E00442164 /* CoreDataManager.swift */ = {isa = PBXFileReference; lastKnownFileType = sourcecode.swift; path = CoreDataManager.swift; sourceTree = "<group>"; };
		09E540E72E68578C00442164 /* TrackerStore.swift */ = {isa = PBXFileReference; lastKnownFileType = sourcecode.swift; path = TrackerStore.swift; sourceTree = "<group>"; };
		09E540E92E68579800442164 /* TrackerCategoryStore.swift */ = {isa = PBXFileReference; lastKnownFileType = sourcecode.swift; path = TrackerCategoryStore.swift; sourceTree = "<group>"; };
		09E540EB2E6857A200442164 /* TrackerRecordStore.swift */ = {isa = PBXFileReference; lastKnownFileType = sourcecode.swift; path = TrackerRecordStore.swift; sourceTree = "<group>"; };
		09E540EE2E68594B00442164 /* UIColorMarshalling.swift */ = {isa = PBXFileReference; lastKnownFileType = sourcecode.swift; path = UIColorMarshalling.swift; sourceTree = "<group>"; };
		09E540F12E685B6300442164 /* DaysValueTransformer.swift */ = {isa = PBXFileReference; lastKnownFileType = sourcecode.swift; path = DaysValueTransformer.swift; sourceTree = "<group>"; };
/* End PBXFileReference section */

/* Begin PBXFrameworksBuildPhase section */
		094318BD2E367A9600F4D094 /* Frameworks */ = {
			isa = PBXFrameworksBuildPhase;
			buildActionMask = 2147483647;
			files = (
			);
			runOnlyForDeploymentPostprocessing = 0;
		};
/* End PBXFrameworksBuildPhase section */

/* Begin PBXGroup section */
		093ACA712EB232A10029AA69 /* Onboarding */ = {
			isa = PBXGroup;
			children = (
				093ACA6F2EB231ED0029AA69 /* OnboardingScreenViewController.swift */,
				093ACA742EB239340029AA69 /* OnboardPageViewController.swift */,
			);
			path = Onboarding;
			sourceTree = "<group>";
		};
		093ACB5B2EB552BB0029AA69 /* CategoryCreation */ = {
			isa = PBXGroup;
			children = (
				093ACA762EB28E990029AA69 /* CategoryViewController.swift */,
				093ACB662EB558000029AA69 /* CategoryViewModel.swift */,
				093ACB0A2EB3AA1B0029AA69 /* CreateCategoryViewController.swift */,
			);
			path = CategoryCreation;
			sourceTree = "<group>";
		};
		093ACB5C2EB552D10029AA69 /* ScheduleCreation */ = {
			isa = PBXGroup;
			children = (
				09E540742E4E0D1E00442164 /* ScheduleViewController.swift */,
			);
			path = ScheduleCreation;
			sourceTree = "<group>";
		};
		094318B72E367A9600F4D094 = {
			isa = PBXGroup;
			children = (
				09E540A82E5CABBC00442164 /* TrackerModel.xcdatamodeld */,
				094318C22E367A9600F4D094 /* Tracker */,
				094318C12E367A9600F4D094 /* Products */,
			);
			sourceTree = "<group>";
		};
		094318C12E367A9600F4D094 /* Products */ = {
			isa = PBXGroup;
			children = (
				094318C02E367A9600F4D094 /* Tracker.app */,
			);
			name = Products;
			sourceTree = "<group>";
		};
		094318C22E367A9600F4D094 /* Tracker */ = {
			isa = PBXGroup;
			children = (
				094318C32E367A9600F4D094 /* AppDelegate.swift */,
				094318C52E367A9600F4D094 /* SceneDelegate.swift */,
				093ACA712EB232A10029AA69 /* Onboarding */,
				09E540ED2E6857B100442164 /* CoreData */,
				094318D72E36BE3500F4D094 /* MainScreen */,
				09DEA1C42EBCBDC300C1FDE9 /* Helpers */,
				094318CC2E367A9800F4D094 /* Assets.xcassets */,
				094318CE2E367A9800F4D094 /* LaunchScreen.storyboard */,
				094318D12E367A9800F4D094 /* Info.plist */,
			);
			path = Tracker;
			sourceTree = "<group>";
		};
		094318D72E36BE3500F4D094 /* MainScreen */ = {
			isa = PBXGroup;
			children = (
				094318D82E37A54000F4D094 /* TabBarController.swift */,
				09E540D32E5DCCFC00442164 /* TrackerVC */,
				09E540D42E5DCD1900442164 /* StatisticVC */,
			);
			path = MainScreen;
			sourceTree = "<group>";
		};
		098EC4E12EBA58AC000C6C2A /* Category */ = {
			isa = PBXGroup;
			children = (
				093ACA782EB296290029AA69 /* CategoryCell.swift */,
			);
			path = Category;
			sourceTree = "<group>";
		};
		098EC4F82EBB8492000C6C2A /* CreateHabbit */ = {
			isa = PBXGroup;
			children = (
				09E540702E4BCB0D00442164 /* CreateHabitModalViewController.swift */,
				093ACB5C2EB552D10029AA69 /* ScheduleCreation */,
				093ACB5B2EB552BB0029AA69 /* CategoryCreation */,
			);
			path = CreateHabbit;
			sourceTree = "<group>";
		};
		09DEA1B62EBBA2B300C1FDE9 /* Filter */ = {
			isa = PBXGroup;
			children = (
				09DEA1B72EBBA2C400C1FDE9 /* FilterCell.swift */,
			);
			path = Filter;
			sourceTree = "<group>";
		};
		09DEA1C42EBCBDC300C1FDE9 /* Helpers */ = {
			isa = PBXGroup;
			children = (
				09DEA1C52EBCBDEC00C1FDE9 /* AlertPresenter.swift */,
				09DEA1C72EBCC3AE00C1FDE9 /* AlertModel.swift */,
			);
			path = Helpers;
			sourceTree = "<group>";
		};
		09E540D32E5DCCFC00442164 /* TrackerVC */ = {
			isa = PBXGroup;
			children = (
				094318C72E367A9600F4D094 /* TrackersViewController.swift */,
				09DEA1B42EBB9C2E00C1FDE9 /* FilterModalViewController.swift */,
				098EC4F82EBB8492000C6C2A /* CreateHabbit */,
				09E540D62E5DCD8A00442164 /* Structures */,
				09E540D52E5DCD3800442164 /* Cells + Helpers */,
			);
			path = TrackerVC;
			sourceTree = "<group>";
		};
		09E540D42E5DCD1900442164 /* StatisticVC */ = {
			isa = PBXGroup;
			children = (
				094318DA2E37A63C00F4D094 /* StatisticViewController.swift */,
			);
			path = StatisticVC;
			sourceTree = "<group>";
		};
		09E540D52E5DCD3800442164 /* Cells + Helpers */ = {
			isa = PBXGroup;
			children = (
				09DEA1B62EBBA2B300C1FDE9 /* Filter */,
				098EC4E12EBA58AC000C6C2A /* Category */,
				09E540D92E5DCE5000442164 /* Schedule */,
				09E540D72E5DCE1200442164 /* Tracker */,
				09E540D82E5DCE1D00442164 /* Habit */,
			);
			path = "Cells + Helpers";
			sourceTree = "<group>";
		};
		09E540D62E5DCD8A00442164 /* Structures */ = {
			isa = PBXGroup;
			children = (
				09E5406C2E4693BA00442164 /* TrackerStructures.swift */,
			);
			path = Structures;
			sourceTree = "<group>";
		};
		09E540D72E5DCE1200442164 /* Tracker */ = {
			isa = PBXGroup;
			children = (
				09E540782E4F5E5A00442164 /* TrackerCell.swift */,
				09E5407A2E51007D00442164 /* TrackerCategoryHeader.swift */,
			);
			path = Tracker;
			sourceTree = "<group>";
		};
		09E540D82E5DCE1D00442164 /* Habit */ = {
			isa = PBXGroup;
			children = (
				09E540722E4CFB2E00442164 /* TableCellForCreateHabbit.swift */,
				09E5407D2E59EFBC00442164 /* EmojiCell.swift */,
				09E540812E5B4C4000442164 /* ColorCell.swift */,
				09E540832E5B534200442164 /* HabitHeader.swift */,
			);
			path = Habit;
			sourceTree = "<group>";
		};
		09E540D92E5DCE5000442164 /* Schedule */ = {
			isa = PBXGroup;
			children = (
				09E540762E4E133600442164 /* WeekDayCell.swift */,
			);
			path = Schedule;
			sourceTree = "<group>";
		};
		09E540ED2E6857B100442164 /* CoreData */ = {
			isa = PBXGroup;
			children = (
				09E540D12E5DCB8E00442164 /* CoreDataManager.swift */,
				09E540E72E68578C00442164 /* TrackerStore.swift */,
				09E540E92E68579800442164 /* TrackerCategoryStore.swift */,
				09E540EB2E6857A200442164 /* TrackerRecordStore.swift */,
				09E540F02E68595100442164 /* Helpers */,
			);
			path = CoreData;
			sourceTree = "<group>";
		};
		09E540F02E68595100442164 /* Helpers */ = {
			isa = PBXGroup;
			children = (
				09E540EE2E68594B00442164 /* UIColorMarshalling.swift */,
				09E540F12E685B6300442164 /* DaysValueTransformer.swift */,
			);
			path = Helpers;
			sourceTree = "<group>";
		};
/* End PBXGroup section */

/* Begin PBXNativeTarget section */
		094318BF2E367A9600F4D094 /* Tracker */ = {
			isa = PBXNativeTarget;
			buildConfigurationList = 094318D42E367A9800F4D094 /* Build configuration list for PBXNativeTarget "Tracker" */;
			buildPhases = (
				094318BC2E367A9600F4D094 /* Sources */,
				094318BD2E367A9600F4D094 /* Frameworks */,
				094318BE2E367A9600F4D094 /* Resources */,
			);
			buildRules = (
			);
			dependencies = (
			);
			name = Tracker;
			productName = Tracker;
			productReference = 094318C02E367A9600F4D094 /* Tracker.app */;
			productType = "com.apple.product-type.application";
		};
/* End PBXNativeTarget section */

/* Begin PBXProject section */
		094318B82E367A9600F4D094 /* Project object */ = {
			isa = PBXProject;
			attributes = {
				BuildIndependentTargetsInParallel = 1;
				LastSwiftUpdateCheck = 1520;
				LastUpgradeCheck = 1520;
				TargetAttributes = {
					094318BF2E367A9600F4D094 = {
						CreatedOnToolsVersion = 15.2;
					};
				};
			};
			buildConfigurationList = 094318BB2E367A9600F4D094 /* Build configuration list for PBXProject "Tracker" */;
			compatibilityVersion = "Xcode 14.0";
			developmentRegion = en;
			hasScannedForEncodings = 0;
			knownRegions = (
				en,
				Base,
			);
			mainGroup = 094318B72E367A9600F4D094;
			productRefGroup = 094318C12E367A9600F4D094 /* Products */;
			projectDirPath = "";
			projectRoot = "";
			targets = (
				094318BF2E367A9600F4D094 /* Tracker */,
			);
		};
/* End PBXProject section */

/* Begin PBXResourcesBuildPhase section */
		094318BE2E367A9600F4D094 /* Resources */ = {
			isa = PBXResourcesBuildPhase;
			buildActionMask = 2147483647;
			files = (
				094318D02E367A9800F4D094 /* LaunchScreen.storyboard in Resources */,
				094318CD2E367A9800F4D094 /* Assets.xcassets in Resources */,
			);
			runOnlyForDeploymentPostprocessing = 0;
		};
/* End PBXResourcesBuildPhase section */

/* Begin PBXSourcesBuildPhase section */
		094318BC2E367A9600F4D094 /* Sources */ = {
			isa = PBXSourcesBuildPhase;
			buildActionMask = 2147483647;
			files = (
				093ACB672EB558000029AA69 /* CategoryViewModel.swift in Sources */,
				09E540712E4BCB0D00442164 /* CreateHabitModalViewController.swift in Sources */,
				09E5407B2E51007D00442164 /* TrackerCategoryHeader.swift in Sources */,
				09E540E82E68578C00442164 /* TrackerStore.swift in Sources */,
				09E5406D2E4693BA00442164 /* TrackerStructures.swift in Sources */,
				09E540EA2E68579800442164 /* TrackerCategoryStore.swift in Sources */,
				093ACA702EB231ED0029AA69 /* OnboardingScreenViewController.swift in Sources */,
				09E540842E5B534200442164 /* HabitHeader.swift in Sources */,
				09E540D22E5DCB8E00442164 /* CoreDataManager.swift in Sources */,
				094318C82E367A9600F4D094 /* TrackersViewController.swift in Sources */,
				09E540752E4E0D1E00442164 /* ScheduleViewController.swift in Sources */,
				09DEA1C62EBCBDEC00C1FDE9 /* AlertPresenter.swift in Sources */,
				09DEA1B52EBB9C2E00C1FDE9 /* FilterModalViewController.swift in Sources */,
				094318D92E37A54000F4D094 /* TabBarController.swift in Sources */,
				09E540F22E685B6300442164 /* DaysValueTransformer.swift in Sources */,
				09E540792E4F5E5A00442164 /* TrackerCell.swift in Sources */,
				093ACA792EB296290029AA69 /* CategoryCell.swift in Sources */,
				09E540AA2E5CABBC00442164 /* TrackerModel.xcdatamodeld in Sources */,
				094318C42E367A9600F4D094 /* AppDelegate.swift in Sources */,
				09E540EF2E68594B00442164 /* UIColorMarshalling.swift in Sources */,
				09DEA1C82EBCC3AE00C1FDE9 /* AlertModel.swift in Sources */,
				09DEA1B82EBBA2C400C1FDE9 /* FilterCell.swift in Sources */,
				093ACB0B2EB3AA1B0029AA69 /* CreateCategoryViewController.swift in Sources */,
				094318DB2E37A63C00F4D094 /* StatisticViewController.swift in Sources */,
				09E540822E5B4C4000442164 /* ColorCell.swift in Sources */,
				09E540EC2E6857A200442164 /* TrackerRecordStore.swift in Sources */,
				093ACA752EB239340029AA69 /* OnboardPageViewController.swift in Sources */,
				093ACA772EB28E990029AA69 /* CategoryViewController.swift in Sources */,
				09E540732E4CFB2E00442164 /* TableCellForCreateHabbit.swift in Sources */,
				09E540772E4E133600442164 /* WeekDayCell.swift in Sources */,
				09E5407E2E59EFBC00442164 /* EmojiCell.swift in Sources */,
				094318C62E367A9600F4D094 /* SceneDelegate.swift in Sources */,
			);
			runOnlyForDeploymentPostprocessing = 0;
		};
/* End PBXSourcesBuildPhase section */

/* Begin PBXVariantGroup section */
		094318CE2E367A9800F4D094 /* LaunchScreen.storyboard */ = {
			isa = PBXVariantGroup;
			children = (
				094318CF2E367A9800F4D094 /* Base */,
			);
			name = LaunchScreen.storyboard;
			sourceTree = "<group>";
		};
/* End PBXVariantGroup section */

/* Begin XCBuildConfiguration section */
		094318D22E367A9800F4D094 /* Debug */ = {
			isa = XCBuildConfiguration;
			buildSettings = {
				ALWAYS_SEARCH_USER_PATHS = NO;
				ASSETCATALOG_COMPILER_GENERATE_SWIFT_ASSET_SYMBOL_EXTENSIONS = YES;
				CLANG_ANALYZER_NONNULL = YES;
				CLANG_ANALYZER_NUMBER_OBJECT_CONVERSION = YES_AGGRESSIVE;
				CLANG_CXX_LANGUAGE_STANDARD = "gnu++20";
				CLANG_ENABLE_MODULES = YES;
				CLANG_ENABLE_OBJC_ARC = YES;
				CLANG_ENABLE_OBJC_WEAK = YES;
				CLANG_WARN_BLOCK_CAPTURE_AUTORELEASING = YES;
				CLANG_WARN_BOOL_CONVERSION = YES;
				CLANG_WARN_COMMA = YES;
				CLANG_WARN_CONSTANT_CONVERSION = YES;
				CLANG_WARN_DEPRECATED_OBJC_IMPLEMENTATIONS = YES;
				CLANG_WARN_DIRECT_OBJC_ISA_USAGE = YES_ERROR;
				CLANG_WARN_DOCUMENTATION_COMMENTS = YES;
				CLANG_WARN_EMPTY_BODY = YES;
				CLANG_WARN_ENUM_CONVERSION = YES;
				CLANG_WARN_INFINITE_RECURSION = YES;
				CLANG_WARN_INT_CONVERSION = YES;
				CLANG_WARN_NON_LITERAL_NULL_CONVERSION = YES;
				CLANG_WARN_OBJC_IMPLICIT_RETAIN_SELF = YES;
				CLANG_WARN_OBJC_LITERAL_CONVERSION = YES;
				CLANG_WARN_OBJC_ROOT_CLASS = YES_ERROR;
				CLANG_WARN_QUOTED_INCLUDE_IN_FRAMEWORK_HEADER = YES;
				CLANG_WARN_RANGE_LOOP_ANALYSIS = YES;
				CLANG_WARN_STRICT_PROTOTYPES = YES;
				CLANG_WARN_SUSPICIOUS_MOVE = YES;
				CLANG_WARN_UNGUARDED_AVAILABILITY = YES_AGGRESSIVE;
				CLANG_WARN_UNREACHABLE_CODE = YES;
				CLANG_WARN__DUPLICATE_METHOD_MATCH = YES;
				COPY_PHASE_STRIP = NO;
				DEBUG_INFORMATION_FORMAT = dwarf;
				ENABLE_STRICT_OBJC_MSGSEND = YES;
				ENABLE_TESTABILITY = YES;
				ENABLE_USER_SCRIPT_SANDBOXING = YES;
				GCC_C_LANGUAGE_STANDARD = gnu17;
				GCC_DYNAMIC_NO_PIC = NO;
				GCC_NO_COMMON_BLOCKS = YES;
				GCC_OPTIMIZATION_LEVEL = 0;
				GCC_PREPROCESSOR_DEFINITIONS = (
					"DEBUG=1",
					"$(inherited)",
				);
				GCC_WARN_64_TO_32_BIT_CONVERSION = YES;
				GCC_WARN_ABOUT_RETURN_TYPE = YES_ERROR;
				GCC_WARN_UNDECLARED_SELECTOR = YES;
				GCC_WARN_UNINITIALIZED_AUTOS = YES_AGGRESSIVE;
				GCC_WARN_UNUSED_FUNCTION = YES;
				GCC_WARN_UNUSED_VARIABLE = YES;
				IPHONEOS_DEPLOYMENT_TARGET = 17.2;
				LOCALIZATION_PREFERS_STRING_CATALOGS = YES;
				MTL_ENABLE_DEBUG_INFO = INCLUDE_SOURCE;
				MTL_FAST_MATH = YES;
				ONLY_ACTIVE_ARCH = YES;
				SDKROOT = iphoneos;
				SWIFT_ACTIVE_COMPILATION_CONDITIONS = "DEBUG $(inherited)";
				SWIFT_OPTIMIZATION_LEVEL = "-Onone";
			};
			name = Debug;
		};
		094318D32E367A9800F4D094 /* Release */ = {
			isa = XCBuildConfiguration;
			buildSettings = {
				ALWAYS_SEARCH_USER_PATHS = NO;
				ASSETCATALOG_COMPILER_GENERATE_SWIFT_ASSET_SYMBOL_EXTENSIONS = YES;
				CLANG_ANALYZER_NONNULL = YES;
				CLANG_ANALYZER_NUMBER_OBJECT_CONVERSION = YES_AGGRESSIVE;
				CLANG_CXX_LANGUAGE_STANDARD = "gnu++20";
				CLANG_ENABLE_MODULES = YES;
				CLANG_ENABLE_OBJC_ARC = YES;
				CLANG_ENABLE_OBJC_WEAK = YES;
				CLANG_WARN_BLOCK_CAPTURE_AUTORELEASING = YES;
				CLANG_WARN_BOOL_CONVERSION = YES;
				CLANG_WARN_COMMA = YES;
				CLANG_WARN_CONSTANT_CONVERSION = YES;
				CLANG_WARN_DEPRECATED_OBJC_IMPLEMENTATIONS = YES;
				CLANG_WARN_DIRECT_OBJC_ISA_USAGE = YES_ERROR;
				CLANG_WARN_DOCUMENTATION_COMMENTS = YES;
				CLANG_WARN_EMPTY_BODY = YES;
				CLANG_WARN_ENUM_CONVERSION = YES;
				CLANG_WARN_INFINITE_RECURSION = YES;
				CLANG_WARN_INT_CONVERSION = YES;
				CLANG_WARN_NON_LITERAL_NULL_CONVERSION = YES;
				CLANG_WARN_OBJC_IMPLICIT_RETAIN_SELF = YES;
				CLANG_WARN_OBJC_LITERAL_CONVERSION = YES;
				CLANG_WARN_OBJC_ROOT_CLASS = YES_ERROR;
				CLANG_WARN_QUOTED_INCLUDE_IN_FRAMEWORK_HEADER = YES;
				CLANG_WARN_RANGE_LOOP_ANALYSIS = YES;
				CLANG_WARN_STRICT_PROTOTYPES = YES;
				CLANG_WARN_SUSPICIOUS_MOVE = YES;
				CLANG_WARN_UNGUARDED_AVAILABILITY = YES_AGGRESSIVE;
				CLANG_WARN_UNREACHABLE_CODE = YES;
				CLANG_WARN__DUPLICATE_METHOD_MATCH = YES;
				COPY_PHASE_STRIP = NO;
				DEBUG_INFORMATION_FORMAT = "dwarf-with-dsym";
				ENABLE_NS_ASSERTIONS = NO;
				ENABLE_STRICT_OBJC_MSGSEND = YES;
				ENABLE_USER_SCRIPT_SANDBOXING = YES;
				GCC_C_LANGUAGE_STANDARD = gnu17;
				GCC_NO_COMMON_BLOCKS = YES;
				GCC_WARN_64_TO_32_BIT_CONVERSION = YES;
				GCC_WARN_ABOUT_RETURN_TYPE = YES_ERROR;
				GCC_WARN_UNDECLARED_SELECTOR = YES;
				GCC_WARN_UNINITIALIZED_AUTOS = YES_AGGRESSIVE;
				GCC_WARN_UNUSED_FUNCTION = YES;
				GCC_WARN_UNUSED_VARIABLE = YES;
				IPHONEOS_DEPLOYMENT_TARGET = 17.2;
				LOCALIZATION_PREFERS_STRING_CATALOGS = YES;
				MTL_ENABLE_DEBUG_INFO = NO;
				MTL_FAST_MATH = YES;
				SDKROOT = iphoneos;
				SWIFT_COMPILATION_MODE = wholemodule;
				VALIDATE_PRODUCT = YES;
			};
			name = Release;
		};
		094318D52E367A9800F4D094 /* Debug */ = {
			isa = XCBuildConfiguration;
			buildSettings = {
				ASSETCATALOG_COMPILER_APPICON_NAME = AppIcon;
				ASSETCATALOG_COMPILER_GLOBAL_ACCENT_COLOR_NAME = AccentColor;
				CODE_SIGN_STYLE = Automatic;
				CURRENT_PROJECT_VERSION = 1;
				DEVELOPMENT_TEAM = 6YMVJ3NQ3K;
				GENERATE_INFOPLIST_FILE = YES;
				INFOPLIST_FILE = Tracker/Info.plist;
				INFOPLIST_KEY_UIApplicationSupportsIndirectInputEvents = YES;
				INFOPLIST_KEY_UILaunchStoryboardName = LaunchScreen;
				INFOPLIST_KEY_UISupportedInterfaceOrientations = UIInterfaceOrientationPortrait;
				INFOPLIST_KEY_UISupportedInterfaceOrientations_iPad = "UIInterfaceOrientationPortrait UIInterfaceOrientationPortraitUpsideDown";
				IPHONEOS_DEPLOYMENT_TARGET = 17.0;
				LD_RUNPATH_SEARCH_PATHS = (
					"$(inherited)",
					"@executable_path/Frameworks",
				);
				MARKETING_VERSION = 1.0;
				PRODUCT_BUNDLE_IDENTIFIER = com.IShcherbakov.Tracker;
				PRODUCT_NAME = "$(TARGET_NAME)";
				SWIFT_EMIT_LOC_STRINGS = YES;
				SWIFT_VERSION = 5.0;
				TARGETED_DEVICE_FAMILY = "1,2";
			};
			name = Debug;
		};
		094318D62E367A9800F4D094 /* Release */ = {
			isa = XCBuildConfiguration;
			buildSettings = {
				ASSETCATALOG_COMPILER_APPICON_NAME = AppIcon;
				ASSETCATALOG_COMPILER_GLOBAL_ACCENT_COLOR_NAME = AccentColor;
				CODE_SIGN_STYLE = Automatic;
				CURRENT_PROJECT_VERSION = 1;
				DEVELOPMENT_TEAM = 6YMVJ3NQ3K;
				GENERATE_INFOPLIST_FILE = YES;
				INFOPLIST_FILE = Tracker/Info.plist;
				INFOPLIST_KEY_UIApplicationSupportsIndirectInputEvents = YES;
				INFOPLIST_KEY_UILaunchStoryboardName = LaunchScreen;
				INFOPLIST_KEY_UISupportedInterfaceOrientations = UIInterfaceOrientationPortrait;
				INFOPLIST_KEY_UISupportedInterfaceOrientations_iPad = "UIInterfaceOrientationPortrait UIInterfaceOrientationPortraitUpsideDown";
				IPHONEOS_DEPLOYMENT_TARGET = 17.0;
				LD_RUNPATH_SEARCH_PATHS = (
					"$(inherited)",
					"@executable_path/Frameworks",
				);
				MARKETING_VERSION = 1.0;
				PRODUCT_BUNDLE_IDENTIFIER = com.IShcherbakov.Tracker;
				PRODUCT_NAME = "$(TARGET_NAME)";
				SWIFT_EMIT_LOC_STRINGS = YES;
				SWIFT_VERSION = 5.0;
				TARGETED_DEVICE_FAMILY = "1,2";
			};
			name = Release;
		};
/* End XCBuildConfiguration section */

/* Begin XCConfigurationList section */
		094318BB2E367A9600F4D094 /* Build configuration list for PBXProject "Tracker" */ = {
			isa = XCConfigurationList;
			buildConfigurations = (
				094318D22E367A9800F4D094 /* Debug */,
				094318D32E367A9800F4D094 /* Release */,
			);
			defaultConfigurationIsVisible = 0;
			defaultConfigurationName = Release;
		};
		094318D42E367A9800F4D094 /* Build configuration list for PBXNativeTarget "Tracker" */ = {
			isa = XCConfigurationList;
			buildConfigurations = (
				094318D52E367A9800F4D094 /* Debug */,
				094318D62E367A9800F4D094 /* Release */,
			);
			defaultConfigurationIsVisible = 0;
			defaultConfigurationName = Release;
		};
/* End XCConfigurationList section */

/* Begin XCVersionGroup section */
		09E540A82E5CABBC00442164 /* TrackerModel.xcdatamodeld */ = {
			isa = XCVersionGroup;
			children = (
				09E540A92E5CABBC00442164 /* TrackerModel.xcdatamodel */,
			);
			currentVersion = 09E540A92E5CABBC00442164 /* TrackerModel.xcdatamodel */;
			path = TrackerModel.xcdatamodeld;
			sourceTree = "<group>";
			versionGroupType = wrapper.xcdatamodel;
		};
/* End XCVersionGroup section */
	};
	rootObject = 094318B82E367A9600F4D094 /* Project object */;
}
